
Microsoft Visual Studio Solution File, Format Version 12.00
# Visual Studio 15
VisualStudioVersion = 15.0.26730.12
MinimumVisualStudioVersion = 10.0.40219.1
Project("{2150E333-8FDC-42A3-9474-1A3956D46DE8}") = "第十章 集合", "第十章 集合", "{965F648E-EDBF-4A51-AAFB-C468D3B5E597}"
EndProject
Project("{FAE04EC0-301F-11D3-BF4B-00C04F79EFBC}") = "QueueSample", "QueueSample\QueueSample.csproj", "{54530388-A77C-4925-BAED-5CD571EBE16D}"
EndProject
Project("{FAE04EC0-301F-11D3-BF4B-00C04F79EFBC}") = "StackSample", "StackSample\StackSample.csproj", "{022CFD23-97FA-43F6-8735-F5A16273AF2F}"
EndProject
Project("{FAE04EC0-301F-11D3-BF4B-00C04F79EFBC}") = "LinkedListSample", "LinkedListSample\LinkedListSample.csproj", "{84F82DC4-A52A-45E7-94C2-1D80FB7419B8}"
EndProject
Project("{2150E333-8FDC-42A3-9474-1A3956D46DE8}") = "第十三章 异步编程", "第十三章 异步编程", "{8FA23726-7F63-4556-9A9D-715A10C84B07}"
EndProject
Project("{FAE04EC0-301F-11D3-BF4B-00C04F79EFBC}") = "Foundation", "Foundation\Foundation.csproj", "{3A20934C-D6CF-4E1C-8A58-3892C6E8A16B}"
EndProject
Global
	GlobalSection(SolutionConfigurationPlatforms) = preSolution
		Debug|Any CPU = Debug|Any CPU
		Debug|x64 = Debug|x64
		Debug|x86 = Debug|x86
		Release|Any CPU = Release|Any CPU
		Release|x64 = Release|x64
		Release|x86 = Release|x86
	EndGlobalSection
	GlobalSection(ProjectConfigurationPlatforms) = postSolution
		{54530388-A77C-4925-BAED-5CD571EBE16D}.Debug|Any CPU.ActiveCfg = Debug|Any CPU
		{54530388-A77C-4925-BAED-5CD571EBE16D}.Debug|Any CPU.Build.0 = Debug|Any CPU
		{54530388-A77C-4925-BAED-5CD571EBE16D}.Debug|x64.ActiveCfg = Debug|Any CPU
		{54530388-A77C-4925-BAED-5CD571EBE16D}.Debug|x64.Build.0 = Debug|Any CPU
		{54530388-A77C-4925-BAED-5CD571EBE16D}.Debug|x86.ActiveCfg = Debug|Any CPU
		{54530388-A77C-4925-BAED-5CD571EBE16D}.Debug|x86.Build.0 = Debug|Any CPU
		{54530388-A77C-4925-BAED-5CD571EBE16D}.Release|Any CPU.ActiveCfg = Release|Any CPU
		{54530388-A77C-4925-BAED-5CD571EBE16D}.Release|Any CPU.Build.0 = Release|Any CPU
		{54530388-A77C-4925-BAED-5CD571EBE16D}.Release|x64.ActiveCfg = Release|Any CPU
		{54530388-A77C-4925-BAED-5CD571EBE16D}.Release|x64.Build.0 = Release|Any CPU
		{54530388-A77C-4925-BAED-5CD571EBE16D}.Release|x86.ActiveCfg = Release|Any CPU
		{54530388-A77C-4925-BAED-5CD571EBE16D}.Release|x86.Build.0 = Release|Any CPU
		{022CFD23-97FA-43F6-8735-F5A16273AF2F}.Debug|Any CPU.ActiveCfg = Debug|Any CPU
		{022CFD23-97FA-43F6-8735-F5A16273AF2F}.Debug|Any CPU.Build.0 = Debug|Any CPU
		{022CFD23-97FA-43F6-8735-F5A16273AF2F}.Debug|x64.ActiveCfg = Debug|Any CPU
		{022CFD23-97FA-43F6-8735-F5A16273AF2F}.Debug|x64.Build.0 = Debug|Any CPU
		{022CFD23-97FA-43F6-8735-F5A16273AF2F}.Debug|x86.ActiveCfg = Debug|Any CPU
		{022CFD23-97FA-43F6-8735-F5A16273AF2F}.Debug|x86.Build.0 = Debug|Any CPU
		{022CFD23-97FA-43F6-8735-F5A16273AF2F}.Release|Any CPU.ActiveCfg = Release|Any CPU
		{022CFD23-97FA-43F6-8735-F5A16273AF2F}.Release|Any CPU.Build.0 = Release|Any CPU
		{022CFD23-97FA-43F6-8735-F5A16273AF2F}.Release|x64.ActiveCfg = Release|Any CPU
		{022CFD23-97FA-43F6-8735-F5A16273AF2F}.Release|x64.Build.0 = Release|Any CPU
		{022CFD23-97FA-43F6-8735-F5A16273AF2F}.Release|x86.ActiveCfg = Release|Any CPU
		{022CFD23-97FA-43F6-8735-F5A16273AF2F}.Release|x86.Build.0 = Release|Any CPU
		{84F82DC4-A52A-45E7-94C2-1D80FB7419B8}.Debug|Any CPU.ActiveCfg = Debug|Any CPU
		{84F82DC4-A52A-45E7-94C2-1D80FB7419B8}.Debug|Any CPU.Build.0 = Debug|Any CPU
		{84F82DC4-A52A-45E7-94C2-1D80FB7419B8}.Debug|x64.ActiveCfg = Debug|Any CPU
		{84F82DC4-A52A-45E7-94C2-1D80FB7419B8}.Debug|x64.Build.0 = Debug|Any CPU
		{84F82DC4-A52A-45E7-94C2-1D80FB7419B8}.Debug|x86.ActiveCfg = Debug|Any CPU
		{84F82DC4-A52A-45E7-94C2-1D80FB7419B8}.Debug|x86.Build.0 = Debug|Any CPU
		{84F82DC4-A52A-45E7-94C2-1D80FB7419B8}.Release|Any CPU.ActiveCfg = Release|Any CPU
		{84F82DC4-A52A-45E7-94C2-1D80FB7419B8}.Release|Any CPU.Build.0 = Release|Any CPU
		{84F82DC4-A52A-45E7-94C2-1D80FB7419B8}.Release|x64.ActiveCfg = Release|Any CPU
		{84F82DC4-A52A-45E7-94C2-1D80FB7419B8}.Release|x64.Build.0 = Release|Any CPU
		{84F82DC4-A52A-45E7-94C2-1D80FB7419B8}.Release|x86.ActiveCfg = Release|Any CPU
		{84F82DC4-A52A-45E7-94C2-1D80FB7419B8}.Release|x86.Build.0 = Release|Any CPU
		{3A20934C-D6CF-4E1C-8A58-3892C6E8A16B}.Debug|Any CPU.ActiveCfg = Debug|Any CPU
		{3A20934C-D6CF-4E1C-8A58-3892C6E8A16B}.Debug|Any CPU.Build.0 = Debug|Any CPU
		{3A20934C-D6CF-4E1C-8A58-3892C6E8A16B}.Debug|x64.ActiveCfg = Debug|Any CPU
		{3A20934C-D6CF-4E1C-8A58-3892C6E8A16B}.Debug|x64.Build.0 = Debug|Any CPU
		{3A20934C-D6CF-4E1C-8A58-3892C6E8A16B}.Debug|x86.ActiveCfg = Debug|Any CPU
		{3A20934C-D6CF-4E1C-8A58-3892C6E8A16B}.Debug|x86.Build.0 = Debug|Any CPU
		{3A20934C-D6CF-4E1C-8A58-3892C6E8A16B}.Release|Any CPU.ActiveCfg = Release|Any CPU
		{3A20934C-D6CF-4E1C-8A58-3892C6E8A16B}.Release|Any CPU.Build.0 = Release|Any CPU
		{3A20934C-D6CF-4E1C-8A58-3892C6E8A16B}.Release|x64.ActiveCfg = Release|Any CPU
		{3A20934C-D6CF-4E1C-8A58-3892C6E8A16B}.Release|x64.Build.0 = Release|Any CPU
		{3A20934C-D6CF-4E1C-8A58-3892C6E8A16B}.Release|x86.ActiveCfg = Release|Any CPU
		{3A20934C-D6CF-4E1C-8A58-3892C6E8A16B}.Release|x86.Build.0 = Release|Any CPU
	EndGlobalSection
	GlobalSection(SolutionProperties) = preSolution
		HideSolutionNode = FALSE
	EndGlobalSection
	GlobalSection(NestedProjects) = preSolution
		{54530388-A77C-4925-BAED-5CD571EBE16D} = {965F648E-EDBF-4A51-AAFB-C468D3B5E597}
		{022CFD23-97FA-43F6-8735-F5A16273AF2F} = {965F648E-EDBF-4A51-AAFB-C468D3B5E597}
		{84F82DC4-A52A-45E7-94C2-1D80FB7419B8} = {965F648E-EDBF-4A51-AAFB-C468D3B5E597}
		{3A20934C-D6CF-4E1C-8A58-3892C6E8A16B} = {8FA23726-7F63-4556-9A9D-715A10C84B07}
	EndGlobalSection
	GlobalSection(ExtensibilityGlobals) = postSolution
		SolutionGuid = {C1155C63-FA23-4A50-84E8-268BFAD6C9A0}
	EndGlobalSection
EndGlobal
